{
  "version": 4,
  "terraform_version": "1.5.7",
  "serial": 1,
  "lineage": "test-fixture",
  "outputs": {},
  "resources": [
    {
      "mode": "managed",
      "type": "aws_instance",
      "name": "web",
      "provider": "provider[\"registry.terraform.io/hashicorp/aws\"]",
      "instances": [
        {
          "schema_version": 1,
          "attributes": {
            "id": "i-0abc123",
            "ami": "ami-12345678",
            "instance_type": "t3.micro",
            "subnet_id": "subnet-aaa",
            "availability_zone": "us-east-1a",
            "vpc_security_group_ids": ["sg-web"],
            "tags": {
              "Name": "web",
              "Environment": "prod"
            },
            "timeouts": null
          }
        }
      ]
    },
    {
      "mode": "managed",
      "type": "aws_s3_bucket",
      "name": "logs",
      "provider": "provider[\"registry.terraform.io/hashicorp/aws\"]",
      "instances": [
        {
          "schema_version": 0,
          "attributes": {
            "id": "example-logs-bucket",
            "bucket": "example-logs-bucket",
            "tags": {
              "Environment": "prod"
            }
          }
        }
      ]
    },
    {
      "mode": "managed",
      "type": "aws_security_group",
      "name": "web",
      "provider": "provider[\"registry.terraform.io/hashicorp/aws\"]",
      "instances": [
        {
          "schema_version": 1,
          "attributes": {
            "id": "sg-web",
            "name": "web",
            "description": "web access",
            "vpc_id": "vpc-aaa",
            "tags": {
              "Name": "web"
            }
          }
        }
      ]
    },
    {
      "mode": "managed",
      "type": "aws_vpc",
      "name": "main",
      "provider": "provider[\"registry.terraform.io/hashicorp/aws\"]",
      "instances": [
        {
          "schema_version": 1,
          "attributes": {
            "id": "vpc-aaa",
            "cidr_block": "10.0.0.0/16",
            "tags": {
              "Name": "main"
            }
          }
        }
      ]
    },
    {
      "mode": "managed",
      "type": "aws_subnet",
      "name": "public",
      "provider": "provider[\"registry.terraform.io/hashicorp/aws\"]",
      "instances": [
        {
          "schema_version": 1,
          "attributes": {
            "id": "subnet-aaa",
            "vpc_id": "vpc-aaa",
            "cidr_block": "10.0.1.0/24",
            "availability_zone": "us-east-1a",
            "tags": {
              "Name": "public"
            }
          }
        }
      ]
    },
    {
      "mode": "managed",
      "type": "aws_iam_role",
      "name": "app",
      "provider": "provider[\"registry.terraform.io/hashicorp/aws\"]",
      "instances": [
        {
          "schema_version": 0,
          "attributes": {
            "id": "app",
            "name": "app",
            "arn": "arn:aws:iam::123456789012:role/app",
            "assume_role_policy": "{\"Version\":\"2012-10-17\"}",
            "tags": {
              "Team": "platform"
            }
          }
        }
      ]
    },
    {
      "mode": "data",
      "type": "aws_ami",
      "name": "ubuntu",
      "provider": "provider[\"registry.terraform.io/hashicorp/aws\"]",
      "instances": [
        {
          "schema_version": 0,
          "attributes": {
            "id": "ami-ignored"
          }
        }
      ]
    }
  ]
}
